
Microsoft Visual Studio Solution File, Format Version 12.00
# Visual Studio 14
VisualStudioVersion = 14.0.25420.1
MinimumVisualStudioVersion = 10.0.40219.1
Project("{8BC9CEB8-8B4A-11D0-8D11-00A0C91BC942}") = "UR3Base", "UR3\UR3.vcxproj", "{5D2C3EFF-F240-428B-AB2E-3CDA5BE2A384}"
EndProject
Global
	GlobalSection(SolutionConfigurationPlatforms) = preSolution
		Debug|Win32 = Debug|Win32
		Release|Win32 = Release|Win32
	EndGlobalSection
	GlobalSection(ProjectConfigurationPlatforms) = postSolution
		{5D2C3EFF-F240-428B-AB2E-3CDA5BE2A384}.Debug|Win32.ActiveCfg = Debug|Win32
		{5D2C3EFF-F240-428B-AB2E-3CDA5BE2A384}.Debug|Win32.Build.0 = Debug|Win32
		{5D2C3EFF-F240-428B-AB2E-3CDA5BE2A384}.Release|Win32.ActiveCfg = Release|Win32
		{5D2C3EFF-F240-428B-AB2E-3CDA5BE2A384}.Release|Win32.Build.0 = Release|Win32
	EndGlobalSection
	GlobalSection(SolutionProperties) = preSolution
		HideSolutionNode = FALSE
	EndGlobalSection
EndGlobal
